
Microsoft Visual Studio Solution File, Format Version 12.00
# Visual Studio Version 16
VisualStudioVersion = 16.0.31321.278
MinimumVisualStudioVersion = 10.0.40219.1
Project("{FAE04EC0-301F-11D3-BF4B-00C04F79EFBC}") = "DoubleCheck", "DoubleCheck\DoubleCheck.csproj", "{6FCCCE73-7C60-4E9A-AC12-475C3F51778C}"
EndProject
Global
	GlobalSection(SolutionConfigurationPlatforms) = preSolution
		Debug|Any CPU = Debug|Any CPU
		Release|Any CPU = Release|Any CPU
	EndGlobalSection
	GlobalSection(ProjectConfigurationPlatforms) = postSolution
		{6FCCCE73-7C60-4E9A-AC12-475C3F51778C}.Debug|Any CPU.ActiveCfg = Debug|Any CPU
		{6FCCCE73-7C60-4E9A-AC12-475C3F51778C}.Debug|Any CPU.Build.0 = Debug|Any CPU
		{6FCCCE73-7C60-4E9A-AC12-475C3F51778C}.Release|Any CPU.ActiveCfg = Release|Any CPU
		{6FCCCE73-7C60-4E9A-AC12-475C3F51778C}.Release|Any CPU.Build.0 = Release|Any CPU
	EndGlobalSection
	GlobalSection(SolutionProperties) = preSolution
		HideSolutionNode = FALSE
	EndGlobalSection
	GlobalSection(ExtensibilityGlobals) = postSolution
		SolutionGuid = {41ED8960-56FE-48B2-885A-AC0C7BE9146C}
	EndGlobalSection
EndGlobal
